// !$*UTF8*$!
{
	archiveVersion = 1;
	classes = {
	};
	objectVersion = 46;
	objects = {

/* Begin PBXBuildFile section */
		36000AAD1F01152400F3484C /* gpTests.swift in Sources */ = {isa = PBXBuildFile; fileRef = 36000AAC1F01152400F3484C /* gpTests.swift */; };
		36000AAF1F024FC200F3484C /* error_handling.swift in Sources */ = {isa = PBXBuildFile; fileRef = 36000AAE1F024FC200F3484C /* error_handling.swift */; };
		36000AB21F02600600F3484C /* cg.swift in Sources */ = {isa = PBXBuildFile; fileRef = 36000AB01F02600600F3484C /* cg.swift */; };
		36000AB31F02600600F3484C /* line_search.swift in Sources */ = {isa = PBXBuildFile; fileRef = 36000AB11F02600600F3484C /* line_search.swift */; };
		36161FAE1F0297B000F37A90 /* line_search.swift in Sources */ = {isa = PBXBuildFile; fileRef = 36000AB11F02600600F3484C /* line_search.swift */; };
		36161FAF1F0297B300F37A90 /* cg.swift in Sources */ = {isa = PBXBuildFile; fileRef = 36000AB01F02600600F3484C /* cg.swift */; };
		36161FB01F0297B800F37A90 /* trust_region.swift in Sources */ = {isa = PBXBuildFile; fileRef = 36816BC91EFD32500091DE53 /* trust_region.swift */; };
		36161FB11F0297D200F37A90 /* optimisationTests.swift in Sources */ = {isa = PBXBuildFile; fileRef = 36ED05571EFA280E00955522 /* optimisationTests.swift */; };
		36161FB21F0297D500F37A90 /* gpTests.swift in Sources */ = {isa = PBXBuildFile; fileRef = 36000AAC1F01152400F3484C /* gpTests.swift */; };
		36161FB31F02982500F37A90 /* error_handling.swift in Sources */ = {isa = PBXBuildFile; fileRef = 36000AAE1F024FC200F3484C /* error_handling.swift */; };
		3617FA011EDB1FCC0087C682 /* pairwise.swift in Sources */ = {isa = PBXBuildFile; fileRef = 3617FA001EDB1FCC0087C682 /* pairwise.swift */; };
		3617FA031EDB225F0087C682 /* scg.swift in Sources */ = {isa = PBXBuildFile; fileRef = 3617FA021EDB225F0087C682 /* scg.swift */; };
		3617FA051EDB226E0087C682 /* optimization.swift in Sources */ = {isa = PBXBuildFile; fileRef = 3617FA041EDB226E0087C682 /* optimization.swift */; };
		3617FA071EDC23860087C682 /* matrix.swift in Sources */ = {isa = PBXBuildFile; fileRef = 3617FA061EDC23860087C682 /* matrix.swift */; };
		3617FA0B1EDD973C0087C682 /* array.swift in Sources */ = {isa = PBXBuildFile; fileRef = 3617FA0A1EDD973C0087C682 /* array.swift */; };
		363DDC9E1EE4AF02003607B4 /* AppDelegate.swift in Sources */ = {isa = PBXBuildFile; fileRef = 363DDC9D1EE4AF02003607B4 /* AppDelegate.swift */; };
		363DDCA01EE4AF02003607B4 /* ViewController.swift in Sources */ = {isa = PBXBuildFile; fileRef = 363DDC9F1EE4AF02003607B4 /* ViewController.swift */; };
		363DDCA31EE4AF02003607B4 /* Main.storyboard in Resources */ = {isa = PBXBuildFile; fileRef = 363DDCA11EE4AF02003607B4 /* Main.storyboard */; };
		363DDCA61EE4AF02003607B4 /* miniminds.xcdatamodeld in Sources */ = {isa = PBXBuildFile; fileRef = 363DDCA41EE4AF02003607B4 /* miniminds.xcdatamodeld */; };
		363DDCA81EE4AF02003607B4 /* Assets.xcassets in Resources */ = {isa = PBXBuildFile; fileRef = 363DDCA71EE4AF02003607B4 /* Assets.xcassets */; };
		363DDCAB1EE4AF02003607B4 /* LaunchScreen.storyboard in Resources */ = {isa = PBXBuildFile; fileRef = 363DDCA91EE4AF02003607B4 /* LaunchScreen.storyboard */; };
		363DDCB61EE4AF02003607B4 /* minimindsUITests.swift in Sources */ = {isa = PBXBuildFile; fileRef = 363DDCB51EE4AF02003607B4 /* minimindsUITests.swift */; };
		363DDCBF1EE4AF47003607B4 /* GraphView.swift in Sources */ = {isa = PBXBuildFile; fileRef = 363DDCBE1EE4AF47003607B4 /* GraphView.swift */; };
		363DDCC81EE56B54003607B4 /* GraphModel.swift in Sources */ = {isa = PBXBuildFile; fileRef = 363DDCC71EE56B54003607B4 /* GraphModel.swift */; };
		363DDCCC1EE58024003607B4 /* Artist.swift in Sources */ = {isa = PBXBuildFile; fileRef = 363DDCCB1EE58024003607B4 /* Artist.swift */; };
		3670FD9B1EEAA6B200AC07F2 /* Utils.swift in Sources */ = {isa = PBXBuildFile; fileRef = 3670FD9A1EEAA6B200AC07F2 /* Utils.swift */; };
		3670FDA21EEBC8BB00AC07F2 /* arithmetic.swift in Sources */ = {isa = PBXBuildFile; fileRef = 3670FD9C1EEBC8BB00AC07F2 /* arithmetic.swift */; };
		3670FDA31EEBC8BB00AC07F2 /* auxiliary.swift in Sources */ = {isa = PBXBuildFile; fileRef = 3670FD9D1EEBC8BB00AC07F2 /* auxiliary.swift */; };
		3670FDA41EEBC8BB00AC07F2 /* exponential.swift in Sources */ = {isa = PBXBuildFile; fileRef = 3670FD9E1EEBC8BB00AC07F2 /* exponential.swift */; };
		3670FDA51EEBC8BB00AC07F2 /* hyperbolic.swift in Sources */ = {isa = PBXBuildFile; fileRef = 3670FD9F1EEBC8BB00AC07F2 /* hyperbolic.swift */; };
		3670FDA61EEBC8BB00AC07F2 /* power.swift in Sources */ = {isa = PBXBuildFile; fileRef = 3670FDA01EEBC8BB00AC07F2 /* power.swift */; };
		3670FDA71EEBC8BB00AC07F2 /* trigonometric.swift in Sources */ = {isa = PBXBuildFile; fileRef = 3670FDA11EEBC8BB00AC07F2 /* trigonometric.swift */; };
		3670FDA91EEBCD5400AC07F2 /* kernel.swift in Sources */ = {isa = PBXBuildFile; fileRef = 3670FDA81EEBCD5400AC07F2 /* kernel.swift */; };
		3670FDAB1EEBD04600AC07F2 /* matrix_float_extension.swift in Sources */ = {isa = PBXBuildFile; fileRef = 3670FDAA1EEBD04600AC07F2 /* matrix_float_extension.swift */; };
		3670FDAD1EEBD06400AC07F2 /* matrix_double_extension.swift in Sources */ = {isa = PBXBuildFile; fileRef = 3670FDAC1EEBD06400AC07F2 /* matrix_double_extension.swift */; };
		3670FDAF1EEBD07400AC07F2 /* matrix_bool_extension.swift in Sources */ = {isa = PBXBuildFile; fileRef = 3670FDAE1EEBD07400AC07F2 /* matrix_bool_extension.swift */; };
		367E89141C963D2600C96392 /* minimind.h in Headers */ = {isa = PBXBuildFile; fileRef = 367E89131C963D2600C96392 /* minimind.h */; settings = {ATTRIBUTES = (Public, ); }; };
		367E891B1C963D2600C96392 /* minimind.framework in Frameworks */ = {isa = PBXBuildFile; fileRef = 367E89101C963D2600C96392 /* minimind.framework */; };
		367E89201C963D2600C96392 /* minimindTests.swift in Sources */ = {isa = PBXBuildFile; fileRef = 367E891F1C963D2600C96392 /* minimindTests.swift */; };
		367E89BD1C96BB4B00C96392 /* Accelerate.framework in Frameworks */ = {isa = PBXBuildFile; fileRef = 367E89BC1C96BB4B00C96392 /* Accelerate.framework */; };
		36816BCA1EFD32500091DE53 /* trust_region.swift in Sources */ = {isa = PBXBuildFile; fileRef = 36816BC91EFD32500091DE53 /* trust_region.swift */; };
		368962291EEBE247009134A3 /* pca.swift in Sources */ = {isa = PBXBuildFile; fileRef = 368962281EEBE247009134A3 /* pca.swift */; };
		3689622C1EEC41AD009134A3 /* kmeans.swift in Sources */ = {isa = PBXBuildFile; fileRef = 3689622B1EEC41AD009134A3 /* kmeans.swift */; };
		3689622E1EEE90C7009134A3 /* minimindTestArray.swift in Sources */ = {isa = PBXBuildFile; fileRef = 3689622D1EEE90C7009134A3 /* minimindTestArray.swift */; };
		368962301EEEAA56009134A3 /* array_float_extension.swift in Sources */ = {isa = PBXBuildFile; fileRef = 3689622F1EEEAA56009134A3 /* array_float_extension.swift */; };
		368962341EEEC1A5009134A3 /* matrixTests.swift in Sources */ = {isa = PBXBuildFile; fileRef = 368962331EEEC1A5009134A3 /* matrixTests.swift */; };
		368962361EEEC2F1009134A3 /* matrix_int_extension.swift in Sources */ = {isa = PBXBuildFile; fileRef = 368962351EEEC2F1009134A3 /* matrix_int_extension.swift */; };
		368962381EEED366009134A3 /* clusterTests.swift in Sources */ = {isa = PBXBuildFile; fileRef = 368962371EEED366009134A3 /* clusterTests.swift */; };
		3689623A1EEED815009134A3 /* array_int_extension.swift in Sources */ = {isa = PBXBuildFile; fileRef = 368962391EEED815009134A3 /* array_int_extension.swift */; };
		3689623C1EEF2E15009134A3 /* array_double_extension.swift in Sources */ = {isa = PBXBuildFile; fileRef = 3689623B1EEF2E15009134A3 /* array_double_extension.swift */; };
		3689623D1EEFDBFA009134A3 /* array_double_extension.swift in Sources */ = {isa = PBXBuildFile; fileRef = 3689623B1EEF2E15009134A3 /* array_double_extension.swift */; };
		3689623E1EEFDBFC009134A3 /* pca.swift in Sources */ = {isa = PBXBuildFile; fileRef = 368962281EEBE247009134A3 /* pca.swift */; };
		3689623F1EEFDBFE009134A3 /* kmeans.swift in Sources */ = {isa = PBXBuildFile; fileRef = 3689622B1EEC41AD009134A3 /* kmeans.swift */; };
		368962401EEFDC04009134A3 /* arithmetic.swift in Sources */ = {isa = PBXBuildFile; fileRef = 3670FD9C1EEBC8BB00AC07F2 /* arithmetic.swift */; };
		368962411EEFDC04009134A3 /* auxiliary.swift in Sources */ = {isa = PBXBuildFile; fileRef = 3670FD9D1EEBC8BB00AC07F2 /* auxiliary.swift */; };
		368962421EEFDC04009134A3 /* exponential.swift in Sources */ = {isa = PBXBuildFile; fileRef = 3670FD9E1EEBC8BB00AC07F2 /* exponential.swift */; };
		368962431EEFDC04009134A3 /* hyperbolic.swift in Sources */ = {isa = PBXBuildFile; fileRef = 3670FD9F1EEBC8BB00AC07F2 /* hyperbolic.swift */; };
		368962441EEFDC04009134A3 /* power.swift in Sources */ = {isa = PBXBuildFile; fileRef = 3670FDA01EEBC8BB00AC07F2 /* power.swift */; };
		368962451EEFDC04009134A3 /* trigonometric.swift in Sources */ = {isa = PBXBuildFile; fileRef = 3670FDA11EEBC8BB00AC07F2 /* trigonometric.swift */; };
		368962461EEFDC04009134A3 /* matrix_float_extension.swift in Sources */ = {isa = PBXBuildFile; fileRef = 3670FDAA1EEBD04600AC07F2 /* matrix_float_extension.swift */; };
		368962471EEFDC04009134A3 /* matrix_double_extension.swift in Sources */ = {isa = PBXBuildFile; fileRef = 3670FDAC1EEBD06400AC07F2 /* matrix_double_extension.swift */; };
		368962481EEFDC04009134A3 /* matrix_bool_extension.swift in Sources */ = {isa = PBXBuildFile; fileRef = 3670FDAE1EEBD07400AC07F2 /* matrix_bool_extension.swift */; };
		368962491EEFDC04009134A3 /* array_float_extension.swift in Sources */ = {isa = PBXBuildFile; fileRef = 3689622F1EEEAA56009134A3 /* array_float_extension.swift */; };
		3689624A1EEFDC04009134A3 /* matrix_int_extension.swift in Sources */ = {isa = PBXBuildFile; fileRef = 368962351EEEC2F1009134A3 /* matrix_int_extension.swift */; };
		3689624B1EEFDC04009134A3 /* array_int_extension.swift in Sources */ = {isa = PBXBuildFile; fileRef = 368962391EEED815009134A3 /* array_int_extension.swift */; };
		3689624C1EEFDC0E009134A3 /* kernel.swift in Sources */ = {isa = PBXBuildFile; fileRef = 3670FDA81EEBCD5400AC07F2 /* kernel.swift */; };
		368962631EF10F0A009134A3 /* core.swift in Sources */ = {isa = PBXBuildFile; fileRef = 368962621EF10F0A009134A3 /* core.swift */; };
		368962641EF1101F009134A3 /* core.swift in Sources */ = {isa = PBXBuildFile; fileRef = 368962621EF10F0A009134A3 /* core.swift */; };
		368962661EF2C045009134A3 /* arrayTests.swift in Sources */ = {isa = PBXBuildFile; fileRef = 368962651EF2C045009134A3 /* arrayTests.swift */; };
		368962681EF2C153009134A3 /* metricsTests.swift in Sources */ = {isa = PBXBuildFile; fileRef = 368962671EF2C153009134A3 /* metricsTests.swift */; };
		3689626C1EF3CE00009134A3 /* decompositionTests.swift in Sources */ = {isa = PBXBuildFile; fileRef = 3689626B1EF3CE00009134A3 /* decompositionTests.swift */; };
		3689626E1EF3D448009134A3 /* decompositionUITests.swift in Sources */ = {isa = PBXBuildFile; fileRef = 3689626D1EF3D448009134A3 /* decompositionUITests.swift */; };
		36B2CB161EE322C3001751D3 /* minimind.framework in Frameworks */ = {isa = PBXBuildFile; fileRef = 36B2CB0D1EE322C3001751D3 /* minimind.framework */; };
		36B2CB1B1EE322C3001751D3 /* minimind_macTests.swift in Sources */ = {isa = PBXBuildFile; fileRef = 36B2CB1A1EE322C3001751D3 /* minimind_macTests.swift */; };
		36B2CB1D1EE322C3001751D3 /* minimind mac.h in Headers */ = {isa = PBXBuildFile; fileRef = 36B2CB0F1EE322C3001751D3 /* minimind mac.h */; settings = {ATTRIBUTES = (Public, ); }; };
		36B2CB251EE323B0001751D3 /* random.swift in Sources */ = {isa = PBXBuildFile; fileRef = 36C3CEFC1EDECCA600CE1E42 /* random.swift */; };
		36B2CB261EE323B0001751D3 /* base_estimator.swift in Sources */ = {isa = PBXBuildFile; fileRef = 36DFA3E91D3FC336005CBBC0 /* base_estimator.swift */; };
		36B2CB271EE323B0001751D3 /* scg.swift in Sources */ = {isa = PBXBuildFile; fileRef = 3617FA021EDB225F0087C682 /* scg.swift */; };
		36B2CB281EE323B0001751D3 /* optimization.swift in Sources */ = {isa = PBXBuildFile; fileRef = 3617FA041EDB226E0087C682 /* optimization.swift */; };
		36B2CB291EE323B0001751D3 /* matrix.swift in Sources */ = {isa = PBXBuildFile; fileRef = 3617FA061EDC23860087C682 /* matrix.swift */; };
		36B2CB2A1EE323B0001751D3 /* array.swift in Sources */ = {isa = PBXBuildFile; fileRef = 3617FA0A1EDD973C0087C682 /* array.swift */; };
		36B2CB2B1EE323B0001751D3 /* util.swift in Sources */ = {isa = PBXBuildFile; fileRef = 36E619881EE156FD00B12612 /* util.swift */; };
		36B2CB2C1EE323B0001751D3 /* distributions.swift in Sources */ = {isa = PBXBuildFile; fileRef = 36E368D91EE295C80026F5DB /* distributions.swift */; };
		36B2CB2E1EE323BD001751D3 /* rbf.swift in Sources */ = {isa = PBXBuildFile; fileRef = 36E619861EDF5FFA00B12612 /* rbf.swift */; };
		36B2CB2F1EE323C3001751D3 /* pairwise.swift in Sources */ = {isa = PBXBuildFile; fileRef = 3617FA001EDB1FCC0087C682 /* pairwise.swift */; };
		36B2CB301EE323CA001751D3 /* gaussian_process.swift in Sources */ = {isa = PBXBuildFile; fileRef = 36DFA3EB1D3FC570005CBBC0 /* gaussian_process.swift */; };
		36B2CB321EE323F2001751D3 /* minimindTests.swift in Sources */ = {isa = PBXBuildFile; fileRef = 367E891F1C963D2600C96392 /* minimindTests.swift */; };
		36B2CB521EE32A18001751D3 /* main.swift in Sources */ = {isa = PBXBuildFile; fileRef = 36B2CB511EE32A18001751D3 /* main.swift */; };
		36C3CEFD1EDECCA600CE1E42 /* random.swift in Sources */ = {isa = PBXBuildFile; fileRef = 36C3CEFC1EDECCA600CE1E42 /* random.swift */; };
		36DFA3EA1D3FC336005CBBC0 /* base_estimator.swift in Sources */ = {isa = PBXBuildFile; fileRef = 36DFA3E91D3FC336005CBBC0 /* base_estimator.swift */; };
		36DFA3EC1D3FC570005CBBC0 /* gaussian_process.swift in Sources */ = {isa = PBXBuildFile; fileRef = 36DFA3EB1D3FC570005CBBC0 /* gaussian_process.swift */; };
		36E368DA1EE295C80026F5DB /* distributions.swift in Sources */ = {isa = PBXBuildFile; fileRef = 36E368D91EE295C80026F5DB /* distributions.swift */; };
		36E619871EDF5FFA00B12612 /* rbf.swift in Sources */ = {isa = PBXBuildFile; fileRef = 36E619861EDF5FFA00B12612 /* rbf.swift */; };
		36E619891EE156FD00B12612 /* util.swift in Sources */ = {isa = PBXBuildFile; fileRef = 36E619881EE156FD00B12612 /* util.swift */; };
		36ED05541EF9112000955522 /* ColorMap.swift in Sources */ = {isa = PBXBuildFile; fileRef = 36ED05531EF9112000955522 /* ColorMap.swift */; };
		36ED05561EF91DFE00955522 /* convolution.swift in Sources */ = {isa = PBXBuildFile; fileRef = 36ED05551EF91DFE00955522 /* convolution.swift */; };
		36ED05581EFA280E00955522 /* optimisationTests.swift in Sources */ = {isa = PBXBuildFile; fileRef = 36ED05571EFA280E00955522 /* optimisationTests.swift */; };
/* End PBXBuildFile section */

/* Begin PBXContainerItemProxy section */
		363DDCB21EE4AF02003607B4 /* PBXContainerItemProxy */ = {
			isa = PBXContainerItemProxy;
			containerPortal = 367E89071C963D2600C96392 /* Project object */;
			proxyType = 1;
			remoteGlobalIDString = 363DDC9A1EE4AF02003607B4;
			remoteInfo = miniminds;
		};
		367E891C1C963D2600C96392 /* PBXContainerItemProxy */ = {
			isa = PBXContainerItemProxy;
			containerPortal = 367E89071C963D2600C96392 /* Project object */;
			proxyType = 1;
			remoteGlobalIDString = 367E890F1C963D2600C96392;
			remoteInfo = minimind;
		};
		36B2CB171EE322C3001751D3 /* PBXContainerItemProxy */ = {
			isa = PBXContainerItemProxy;
			containerPortal = 367E89071C963D2600C96392 /* Project object */;
			proxyType = 1;
			remoteGlobalIDString = 36B2CB0C1EE322C3001751D3;
			remoteInfo = "minimind mac";
		};
/* End PBXContainerItemProxy section */

/* Begin PBXCopyFilesBuildPhase section */
		36B2CB4D1EE32A18001751D3 /* CopyFiles */ = {
			isa = PBXCopyFilesBuildPhase;
			buildActionMask = 2147483647;
			dstPath = /usr/share/man/man1/;
			dstSubfolderSpec = 0;
			files = (
			);
			runOnlyForDeploymentPostprocessing = 1;
		};
/* End PBXCopyFilesBuildPhase section */

/* Begin PBXFileReference section */
		36000AAC1F01152400F3484C /* gpTests.swift */ = {isa = PBXFileReference; fileEncoding = 4; lastKnownFileType = sourcecode.swift; path = gpTests.swift; sourceTree = "<group>"; };
		36000AAE1F024FC200F3484C /* error_handling.swift */ = {isa = PBXFileReference; fileEncoding = 4; lastKnownFileType = sourcecode.swift; path = error_handling.swift; sourceTree = "<group>"; };
		36000AB01F02600600F3484C /* cg.swift */ = {isa = PBXFileReference; fileEncoding = 4; lastKnownFileType = sourcecode.swift; name = cg.swift; path = optimisation/cg.swift; sourceTree = "<group>"; };
		36000AB11F02600600F3484C /* line_search.swift */ = {isa = PBXFileReference; fileEncoding = 4; lastKnownFileType = sourcecode.swift; name = line_search.swift; path = optimisation/line_search.swift; sourceTree = "<group>"; };
		3617FA001EDB1FCC0087C682 /* pairwise.swift */ = {isa = PBXFileReference; fileEncoding = 4; lastKnownFileType = sourcecode.swift; path = pairwise.swift; sourceTree = "<group>"; };
		3617FA021EDB225F0087C682 /* scg.swift */ = {isa = PBXFileReference; fileEncoding = 4; lastKnownFileType = sourcecode.swift; name = scg.swift; path = core/scg.swift; sourceTree = "<group>"; };
		3617FA041EDB226E0087C682 /* optimization.swift */ = {isa = PBXFileReference; fileEncoding = 4; lastKnownFileType = sourcecode.swift; name = optimization.swift; path = core/optimization.swift; sourceTree = "<group>"; };
		3617FA061EDC23860087C682 /* matrix.swift */ = {isa = PBXFileReference; fileEncoding = 4; lastKnownFileType = sourcecode.swift; path = matrix.swift; sourceTree = "<group>"; };
		3617FA0A1EDD973C0087C682 /* array.swift */ = {isa = PBXFileReference; fileEncoding = 4; lastKnownFileType = sourcecode.swift; path = array.swift; sourceTree = "<group>"; };
		363DDC9B1EE4AF02003607B4 /* miniminds.app */ = {isa = PBXFileReference; explicitFileType = wrapper.application; includeInIndex = 0; path = miniminds.app; sourceTree = BUILT_PRODUCTS_DIR; };
		363DDC9D1EE4AF02003607B4 /* AppDelegate.swift */ = {isa = PBXFileReference; lastKnownFileType = sourcecode.swift; path = AppDelegate.swift; sourceTree = "<group>"; };
		363DDC9F1EE4AF02003607B4 /* ViewController.swift */ = {isa = PBXFileReference; lastKnownFileType = sourcecode.swift; path = ViewController.swift; sourceTree = "<group>"; };
		363DDCA21EE4AF02003607B4 /* Base */ = {isa = PBXFileReference; lastKnownFileType = file.storyboard; name = Base; path = Base.lproj/Main.storyboard; sourceTree = "<group>"; };
		363DDCA51EE4AF02003607B4 /* miniminds.xcdatamodel */ = {isa = PBXFileReference; lastKnownFileType = wrapper.xcdatamodel; path = miniminds.xcdatamodel; sourceTree = "<group>"; };
		363DDCA71EE4AF02003607B4 /* Assets.xcassets */ = {isa = PBXFileReference; lastKnownFileType = folder.assetcatalog; path = Assets.xcassets; sourceTree = "<group>"; };
		363DDCAA1EE4AF02003607B4 /* Base */ = {isa = PBXFileReference; lastKnownFileType = file.storyboard; name = Base; path = Base.lproj/LaunchScreen.storyboard; sourceTree = "<group>"; };
		363DDCAC1EE4AF02003607B4 /* Info.plist */ = {isa = PBXFileReference; lastKnownFileType = text.plist.xml; path = Info.plist; sourceTree = "<group>"; };
		363DDCB11EE4AF02003607B4 /* minimindsUITests.xctest */ = {isa = PBXFileReference; explicitFileType = wrapper.cfbundle; includeInIndex = 0; path = minimindsUITests.xctest; sourceTree = BUILT_PRODUCTS_DIR; };
		363DDCB51EE4AF02003607B4 /* minimindsUITests.swift */ = {isa = PBXFileReference; lastKnownFileType = sourcecode.swift; path = minimindsUITests.swift; sourceTree = "<group>"; };
		363DDCB71EE4AF02003607B4 /* Info.plist */ = {isa = PBXFileReference; lastKnownFileType = text.plist.xml; path = Info.plist; sourceTree = "<group>"; };
		363DDCBE1EE4AF47003607B4 /* GraphView.swift */ = {isa = PBXFileReference; fileEncoding = 4; lastKnownFileType = sourcecode.swift; path = GraphView.swift; sourceTree = "<group>"; };
		363DDCC71EE56B54003607B4 /* GraphModel.swift */ = {isa = PBXFileReference; fileEncoding = 4; lastKnownFileType = sourcecode.swift; path = GraphModel.swift; sourceTree = "<group>"; };
		363DDCCB1EE58024003607B4 /* Artist.swift */ = {isa = PBXFileReference; fileEncoding = 4; lastKnownFileType = sourcecode.swift; path = Artist.swift; sourceTree = "<group>"; };
		366141651EE7435400FD776F /* MathPlayground.playground */ = {isa = PBXFileReference; lastKnownFileType = file.playground; path = MathPlayground.playground; sourceTree = "<group>"; };
		3670FD9A1EEAA6B200AC07F2 /* Utils.swift */ = {isa = PBXFileReference; fileEncoding = 4; lastKnownFileType = sourcecode.swift; path = Utils.swift; sourceTree = "<group>"; };
		3670FD9C1EEBC8BB00AC07F2 /* arithmetic.swift */ = {isa = PBXFileReference; fileEncoding = 4; lastKnownFileType = sourcecode.swift; path = arithmetic.swift; sourceTree = "<group>"; };
		3670FD9D1EEBC8BB00AC07F2 /* auxiliary.swift */ = {isa = PBXFileReference; fileEncoding = 4; lastKnownFileType = sourcecode.swift; path = auxiliary.swift; sourceTree = "<group>"; };
		3670FD9E1EEBC8BB00AC07F2 /* exponential.swift */ = {isa = PBXFileReference; fileEncoding = 4; lastKnownFileType = sourcecode.swift; path = exponential.swift; sourceTree = "<group>"; };
		3670FD9F1EEBC8BB00AC07F2 /* hyperbolic.swift */ = {isa = PBXFileReference; fileEncoding = 4; lastKnownFileType = sourcecode.swift; path = hyperbolic.swift; sourceTree = "<group>"; };
		3670FDA01EEBC8BB00AC07F2 /* power.swift */ = {isa = PBXFileReference; fileEncoding = 4; lastKnownFileType = sourcecode.swift; path = power.swift; sourceTree = "<group>"; };
		3670FDA11EEBC8BB00AC07F2 /* trigonometric.swift */ = {isa = PBXFileReference; fileEncoding = 4; lastKnownFileType = sourcecode.swift; path = trigonometric.swift; sourceTree = "<group>"; };
		3670FDA81EEBCD5400AC07F2 /* kernel.swift */ = {isa = PBXFileReference; fileEncoding = 4; lastKnownFileType = sourcecode.swift; name = kernel.swift; path = covariance/kernel.swift; sourceTree = "<group>"; };
		3670FDAA1EEBD04600AC07F2 /* matrix_float_extension.swift */ = {isa = PBXFileReference; fileEncoding = 4; lastKnownFileType = sourcecode.swift; path = matrix_float_extension.swift; sourceTree = "<group>"; };
		3670FDAC1EEBD06400AC07F2 /* matrix_double_extension.swift */ = {isa = PBXFileReference; fileEncoding = 4; lastKnownFileType = sourcecode.swift; path = matrix_double_extension.swift; sourceTree = "<group>"; };
		3670FDAE1EEBD07400AC07F2 /* matrix_bool_extension.swift */ = {isa = PBXFileReference; fileEncoding = 4; lastKnownFileType = sourcecode.swift; path = matrix_bool_extension.swift; sourceTree = "<group>"; };
		367E89101C963D2600C96392 /* minimind.framework */ = {isa = PBXFileReference; explicitFileType = wrapper.framework; includeInIndex = 0; path = minimind.framework; sourceTree = BUILT_PRODUCTS_DIR; };
		367E89131C963D2600C96392 /* minimind.h */ = {isa = PBXFileReference; lastKnownFileType = sourcecode.c.h; path = minimind.h; sourceTree = "<group>"; };
		367E89151C963D2600C96392 /* Info.plist */ = {isa = PBXFileReference; lastKnownFileType = text.plist.xml; path = Info.plist; sourceTree = "<group>"; };
		367E891A1C963D2600C96392 /* minimindTests.xctest */ = {isa = PBXFileReference; explicitFileType = wrapper.cfbundle; includeInIndex = 0; path = minimindTests.xctest; sourceTree = BUILT_PRODUCTS_DIR; };
		367E891F1C963D2600C96392 /* minimindTests.swift */ = {isa = PBXFileReference; lastKnownFileType = sourcecode.swift; path = minimindTests.swift; sourceTree = "<group>"; };
		367E89211C963D2600C96392 /* Info.plist */ = {isa = PBXFileReference; lastKnownFileType = text.plist.xml; path = Info.plist; sourceTree = "<group>"; };
		367E89631C96AF3C00C96392 /* MyPlayground.playground */ = {isa = PBXFileReference; lastKnownFileType = file.playground; path = MyPlayground.playground; sourceTree = "<group>"; };
		367E89BC1C96BB4B00C96392 /* Accelerate.framework */ = {isa = PBXFileReference; lastKnownFileType = wrapper.framework; name = Accelerate.framework; path = System/Library/Frameworks/Accelerate.framework; sourceTree = SDKROOT; };
		36816BC91EFD32500091DE53 /* trust_region.swift */ = {isa = PBXFileReference; fileEncoding = 4; lastKnownFileType = sourcecode.swift; name = trust_region.swift; path = optimisation/trust_region.swift; sourceTree = "<group>"; };
		368962281EEBE247009134A3 /* pca.swift */ = {isa = PBXFileReference; fileEncoding = 4; lastKnownFileType = sourcecode.swift; name = pca.swift; path = decomposition/pca.swift; sourceTree = "<group>"; };
		3689622B1EEC41AD009134A3 /* kmeans.swift */ = {isa = PBXFileReference; fileEncoding = 4; lastKnownFileType = sourcecode.swift; name = kmeans.swift; path = cluster/kmeans.swift; sourceTree = "<group>"; };
		3689622D1EEE90C7009134A3 /* minimindTestArray.swift */ = {isa = PBXFileReference; fileEncoding = 4; lastKnownFileType = sourcecode.swift; path = minimindTestArray.swift; sourceTree = "<group>"; };
		3689622F1EEEAA56009134A3 /* array_float_extension.swift */ = {isa = PBXFileReference; fileEncoding = 4; lastKnownFileType = sourcecode.swift; path = array_float_extension.swift; sourceTree = "<group>"; };
		368962331EEEC1A5009134A3 /* matrixTests.swift */ = {isa = PBXFileReference; fileEncoding = 4; lastKnownFileType = sourcecode.swift; path = matrixTests.swift; sourceTree = "<group>"; };
		368962351EEEC2F1009134A3 /* matrix_int_extension.swift */ = {isa = PBXFileReference; fileEncoding = 4; lastKnownFileType = sourcecode.swift; path = matrix_int_extension.swift; sourceTree = "<group>"; };
		368962371EEED366009134A3 /* clusterTests.swift */ = {isa = PBXFileReference; fileEncoding = 4; lastKnownFileType = sourcecode.swift; path = clusterTests.swift; sourceTree = "<group>"; };
		368962391EEED815009134A3 /* array_int_extension.swift */ = {isa = PBXFileReference; fileEncoding = 4; lastKnownFileType = sourcecode.swift; path = array_int_extension.swift; sourceTree = "<group>"; };
		3689623B1EEF2E15009134A3 /* array_double_extension.swift */ = {isa = PBXFileReference; fileEncoding = 4; lastKnownFileType = sourcecode.swift; path = array_double_extension.swift; sourceTree = "<group>"; };
		368962621EF10F0A009134A3 /* core.swift */ = {isa = PBXFileReference; fileEncoding = 4; lastKnownFileType = sourcecode.swift; path = core.swift; sourceTree = "<group>"; };
		368962651EF2C045009134A3 /* arrayTests.swift */ = {isa = PBXFileReference; fileEncoding = 4; lastKnownFileType = sourcecode.swift; path = arrayTests.swift; sourceTree = "<group>"; };
		368962671EF2C153009134A3 /* metricsTests.swift */ = {isa = PBXFileReference; fileEncoding = 4; lastKnownFileType = sourcecode.swift; path = metricsTests.swift; sourceTree = "<group>"; };
		3689626B1EF3CE00009134A3 /* decompositionTests.swift */ = {isa = PBXFileReference; fileEncoding = 4; lastKnownFileType = sourcecode.swift; path = decompositionTests.swift; sourceTree = "<group>"; };
		3689626D1EF3D448009134A3 /* decompositionUITests.swift */ = {isa = PBXFileReference; fileEncoding = 4; lastKnownFileType = sourcecode.swift; path = decompositionUITests.swift; sourceTree = "<group>"; };
		36B2CB0D1EE322C3001751D3 /* minimind.framework */ = {isa = PBXFileReference; explicitFileType = wrapper.framework; includeInIndex = 0; path = minimind.framework; sourceTree = BUILT_PRODUCTS_DIR; };
		36B2CB0F1EE322C3001751D3 /* minimind mac.h */ = {isa = PBXFileReference; lastKnownFileType = sourcecode.c.h; path = "minimind mac.h"; sourceTree = "<group>"; };
		36B2CB101EE322C3001751D3 /* Info.plist */ = {isa = PBXFileReference; lastKnownFileType = text.plist.xml; path = Info.plist; sourceTree = "<group>"; };
		36B2CB151EE322C3001751D3 /* minimind macTests.xctest */ = {isa = PBXFileReference; explicitFileType = wrapper.cfbundle; includeInIndex = 0; path = "minimind macTests.xctest"; sourceTree = BUILT_PRODUCTS_DIR; };
		36B2CB1A1EE322C3001751D3 /* minimind_macTests.swift */ = {isa = PBXFileReference; lastKnownFileType = sourcecode.swift; path = minimind_macTests.swift; sourceTree = "<group>"; };
		36B2CB1C1EE322C3001751D3 /* Info.plist */ = {isa = PBXFileReference; lastKnownFileType = text.plist.xml; path = Info.plist; sourceTree = "<group>"; };
		36B2CB4A1EE3270A001751D3 /* MyPlayground.playground */ = {isa = PBXFileReference; lastKnownFileType = file.playground; path = MyPlayground.playground; sourceTree = "<group>"; };
		36B2CB4F1EE32A18001751D3 /* minimindx */ = {isa = PBXFileReference; explicitFileType = "compiled.mach-o.executable"; includeInIndex = 0; path = minimindx; sourceTree = BUILT_PRODUCTS_DIR; };
		36B2CB511EE32A18001751D3 /* main.swift */ = {isa = PBXFileReference; lastKnownFileType = sourcecode.swift; path = main.swift; sourceTree = "<group>"; };
		36C3CEFC1EDECCA600CE1E42 /* random.swift */ = {isa = PBXFileReference; fileEncoding = 4; lastKnownFileType = sourcecode.swift; name = random.swift; path = ../random.swift; sourceTree = "<group>"; };
		36DFA3E91D3FC336005CBBC0 /* base_estimator.swift */ = {isa = PBXFileReference; fileEncoding = 4; lastKnownFileType = sourcecode.swift; path = base_estimator.swift; sourceTree = "<group>"; };
		36DFA3EB1D3FC570005CBBC0 /* gaussian_process.swift */ = {isa = PBXFileReference; fileEncoding = 4; lastKnownFileType = sourcecode.swift; path = gaussian_process.swift; sourceTree = "<group>"; };
		36E368D91EE295C80026F5DB /* distributions.swift */ = {isa = PBXFileReference; fileEncoding = 4; lastKnownFileType = sourcecode.swift; path = distributions.swift; sourceTree = "<group>"; };
		36E619861EDF5FFA00B12612 /* rbf.swift */ = {isa = PBXFileReference; fileEncoding = 4; lastKnownFileType = sourcecode.swift; name = rbf.swift; path = covariance/rbf.swift; sourceTree = "<group>"; };
		36E619881EE156FD00B12612 /* util.swift */ = {isa = PBXFileReference; fileEncoding = 4; lastKnownFileType = sourcecode.swift; path = util.swift; sourceTree = "<group>"; };
		36ED05531EF9112000955522 /* ColorMap.swift */ = {isa = PBXFileReference; fileEncoding = 4; lastKnownFileType = sourcecode.swift; path = ColorMap.swift; sourceTree = "<group>"; };
		36ED05551EF91DFE00955522 /* convolution.swift */ = {isa = PBXFileReference; fileEncoding = 4; lastKnownFileType = sourcecode.swift; path = convolution.swift; sourceTree = "<group>"; };
		36ED05571EFA280E00955522 /* optimisationTests.swift */ = {isa = PBXFileReference; fileEncoding = 4; lastKnownFileType = sourcecode.swift; path = optimisationTests.swift; sourceTree = "<group>"; };
/* End PBXFileReference section */

/* Begin PBXFrameworksBuildPhase section */
		363DDC981EE4AF02003607B4 /* Frameworks */ = {
			isa = PBXFrameworksBuildPhase;
			buildActionMask = 2147483647;
			files = (
			);
			runOnlyForDeploymentPostprocessing = 0;
		};
		363DDCAE1EE4AF02003607B4 /* Frameworks */ = {
			isa = PBXFrameworksBuildPhase;
			buildActionMask = 2147483647;
			files = (
			);
			runOnlyForDeploymentPostprocessing = 0;
		};
		367E890C1C963D2600C96392 /* Frameworks */ = {
			isa = PBXFrameworksBuildPhase;
			buildActionMask = 2147483647;
			files = (
				367E89BD1C96BB4B00C96392 /* Accelerate.framework in Frameworks */,
			);
			runOnlyForDeploymentPostprocessing = 0;
		};
		367E89171C963D2600C96392 /* Frameworks */ = {
			isa = PBXFrameworksBuildPhase;
			buildActionMask = 2147483647;
			files = (
				367E891B1C963D2600C96392 /* minimind.framework in Frameworks */,
			);
			runOnlyForDeploymentPostprocessing = 0;
		};
		36B2CB091EE322C3001751D3 /* Frameworks */ = {
			isa = PBXFrameworksBuildPhase;
			buildActionMask = 2147483647;
			files = (
			);
			runOnlyForDeploymentPostprocessing = 0;
		};
		36B2CB121EE322C3001751D3 /* Frameworks */ = {
			isa = PBXFrameworksBuildPhase;
			buildActionMask = 2147483647;
			files = (
				36B2CB161EE322C3001751D3 /* minimind.framework in Frameworks */,
			);
			runOnlyForDeploymentPostprocessing = 0;
		};
		36B2CB4C1EE32A18001751D3 /* Frameworks */ = {
			isa = PBXFrameworksBuildPhase;
			buildActionMask = 2147483647;
			files = (
			);
			runOnlyForDeploymentPostprocessing = 0;
		};
/* End PBXFrameworksBuildPhase section */

/* Begin PBXGroup section */
		363DDC9C1EE4AF02003607B4 /* miniminds */ = {
			isa = PBXGroup;
			children = (
				363DDC9D1EE4AF02003607B4 /* AppDelegate.swift */,
				363DDC9F1EE4AF02003607B4 /* ViewController.swift */,
				363DDCA11EE4AF02003607B4 /* Main.storyboard */,
				363DDCA71EE4AF02003607B4 /* Assets.xcassets */,
				363DDCA91EE4AF02003607B4 /* LaunchScreen.storyboard */,
				363DDCAC1EE4AF02003607B4 /* Info.plist */,
				363DDCA41EE4AF02003607B4 /* miniminds.xcdatamodeld */,
				363DDCBE1EE4AF47003607B4 /* GraphView.swift */,
				363DDCC71EE56B54003607B4 /* GraphModel.swift */,
				363DDCCB1EE58024003607B4 /* Artist.swift */,
				3670FD9A1EEAA6B200AC07F2 /* Utils.swift */,
				36ED05531EF9112000955522 /* ColorMap.swift */,
			);
			path = miniminds;
			sourceTree = "<group>";
		};
		363DDCB41EE4AF02003607B4 /* minimindsUITests */ = {
			isa = PBXGroup;
			children = (
				363DDCB51EE4AF02003607B4 /* minimindsUITests.swift */,
				363DDCB71EE4AF02003607B4 /* Info.plist */,
				3689626D1EF3D448009134A3 /* decompositionUITests.swift */,
			);
			path = minimindsUITests;
			sourceTree = "<group>";
		};
		367E89061C963D2600C96392 = {
			isa = PBXGroup;
			children = (
				36B2CB0E1EE322C3001751D3 /* minimind mac */,
				36B2CB191EE322C3001751D3 /* minimind macTests */,
				36B2CB501EE32A18001751D3 /* minimindx */,
				363DDC9C1EE4AF02003607B4 /* miniminds */,
				363DDCB41EE4AF02003607B4 /* minimindsUITests */,
				367E89BE1C96BB5E00C96392 /* Frameworks */,
				367E89121C963D2600C96392 /* minimind */,
				367E891E1C963D2600C96392 /* minimindTests */,
				367E89111C963D2600C96392 /* Products */,
			);
			sourceTree = "<group>";
		};
		367E89111C963D2600C96392 /* Products */ = {
			isa = PBXGroup;
			children = (
				367E89101C963D2600C96392 /* minimind.framework */,
				367E891A1C963D2600C96392 /* minimindTests.xctest */,
				36B2CB0D1EE322C3001751D3 /* minimind.framework */,
				36B2CB151EE322C3001751D3 /* minimind macTests.xctest */,
				36B2CB4F1EE32A18001751D3 /* minimindx */,
				363DDC9B1EE4AF02003607B4 /* miniminds.app */,
				363DDCB11EE4AF02003607B4 /* minimindsUITests.xctest */,
			);
			name = Products;
			sourceTree = "<group>";
		};
		367E89121C963D2600C96392 /* minimind */ = {
			isa = PBXGroup;
			children = (
				36ED05501EF5142800955522 /* optimisation */,
				3689622A1EEC4188009134A3 /* cluster */,
				368962271EEBE22C009134A3 /* decomposition */,
				36DFA3E81D3FC30F005CBBC0 /* core */,
				367E89301C96586200C96392 /* covariance */,
				367E892F1C9656A800C96392 /* metrics */,
				367E892A1C9653C200C96392 /* gaussian_process */,
				367E89131C963D2600C96392 /* minimind.h */,
				367E89151C963D2600C96392 /* Info.plist */,
				367E89631C96AF3C00C96392 /* MyPlayground.playground */,
				366141651EE7435400FD776F /* MathPlayground.playground */,
			);
			path = minimind;
			sourceTree = "<group>";
		};
		367E891E1C963D2600C96392 /* minimindTests */ = {
			isa = PBXGroup;
			children = (
				367E891F1C963D2600C96392 /* minimindTests.swift */,
				367E89211C963D2600C96392 /* Info.plist */,
				3689622D1EEE90C7009134A3 /* minimindTestArray.swift */,
				368962331EEEC1A5009134A3 /* matrixTests.swift */,
				368962371EEED366009134A3 /* clusterTests.swift */,
				368962651EF2C045009134A3 /* arrayTests.swift */,
				368962671EF2C153009134A3 /* metricsTests.swift */,
				3689626B1EF3CE00009134A3 /* decompositionTests.swift */,
				36ED05571EFA280E00955522 /* optimisationTests.swift */,
				36000AAC1F01152400F3484C /* gpTests.swift */,
			);
			path = minimindTests;
			sourceTree = "<group>";
		};
		367E892A1C9653C200C96392 /* gaussian_process */ = {
			isa = PBXGroup;
			children = (
				36DFA3EB1D3FC570005CBBC0 /* gaussian_process.swift */,
			);
			path = gaussian_process;
			sourceTree = "<group>";
		};
		367E892F1C9656A800C96392 /* metrics */ = {
			isa = PBXGroup;
			children = (
				3617FA001EDB1FCC0087C682 /* pairwise.swift */,
			);
			path = metrics;
			sourceTree = "<group>";
		};
		367E89301C96586200C96392 /* covariance */ = {
			isa = PBXGroup;
			children = (
				3670FDA81EEBCD5400AC07F2 /* kernel.swift */,
				36E619861EDF5FFA00B12612 /* rbf.swift */,
			);
			name = covariance;
			sourceTree = "<group>";
		};
		367E89BE1C96BB5E00C96392 /* Frameworks */ = {
			isa = PBXGroup;
			children = (
				367E89BC1C96BB4B00C96392 /* Accelerate.framework */,
			);
			name = Frameworks;
			sourceTree = "<group>";
		};
		368962271EEBE22C009134A3 /* decomposition */ = {
			isa = PBXGroup;
			children = (
				368962281EEBE247009134A3 /* pca.swift */,
			);
			name = decomposition;
			sourceTree = "<group>";
		};
		3689622A1EEC4188009134A3 /* cluster */ = {
			isa = PBXGroup;
			children = (
				3689622B1EEC41AD009134A3 /* kmeans.swift */,
			);
			name = cluster;
			sourceTree = "<group>";
		};
		36B2CB0E1EE322C3001751D3 /* minimind mac */ = {
			isa = PBXGroup;
			children = (
				36B2CB0F1EE322C3001751D3 /* minimind mac.h */,
				36B2CB101EE322C3001751D3 /* Info.plist */,
				36B2CB4A1EE3270A001751D3 /* MyPlayground.playground */,
			);
			path = "minimind mac";
			sourceTree = "<group>";
		};
		36B2CB191EE322C3001751D3 /* minimind macTests */ = {
			isa = PBXGroup;
			children = (
				36B2CB1A1EE322C3001751D3 /* minimind_macTests.swift */,
				36B2CB1C1EE322C3001751D3 /* Info.plist */,
			);
			path = "minimind macTests";
			sourceTree = "<group>";
		};
		36B2CB501EE32A18001751D3 /* minimindx */ = {
			isa = PBXGroup;
			children = (
				36B2CB511EE32A18001751D3 /* main.swift */,
			);
			path = minimindx;
			sourceTree = "<group>";
		};
		36DFA3E81D3FC30F005CBBC0 /* core */ = {
			isa = PBXGroup;
			children = (
				36ED05551EF91DFE00955522 /* convolution.swift */,
				3689623B1EEF2E15009134A3 /* array_double_extension.swift */,
				3670FD9C1EEBC8BB00AC07F2 /* arithmetic.swift */,
				3670FD9D1EEBC8BB00AC07F2 /* auxiliary.swift */,
				3670FD9E1EEBC8BB00AC07F2 /* exponential.swift */,
				3670FD9F1EEBC8BB00AC07F2 /* hyperbolic.swift */,
				3670FDA01EEBC8BB00AC07F2 /* power.swift */,
				3670FDA11EEBC8BB00AC07F2 /* trigonometric.swift */,
				36C3CEFC1EDECCA600CE1E42 /* random.swift */,
				36DFA3E91D3FC336005CBBC0 /* base_estimator.swift */,
				3617FA061EDC23860087C682 /* matrix.swift */,
				3617FA0A1EDD973C0087C682 /* array.swift */,
				36E619881EE156FD00B12612 /* util.swift */,
				36E368D91EE295C80026F5DB /* distributions.swift */,
				3670FDAA1EEBD04600AC07F2 /* matrix_float_extension.swift */,
				3670FDAC1EEBD06400AC07F2 /* matrix_double_extension.swift */,
				3670FDAE1EEBD07400AC07F2 /* matrix_bool_extension.swift */,
				3689622F1EEEAA56009134A3 /* array_float_extension.swift */,
				368962351EEEC2F1009134A3 /* matrix_int_extension.swift */,
				368962391EEED815009134A3 /* array_int_extension.swift */,
				368962621EF10F0A009134A3 /* core.swift */,
				36000AAE1F024FC200F3484C /* error_handling.swift */,
			);
			path = core;
			sourceTree = "<group>";
		};
		36ED05501EF5142800955522 /* optimisation */ = {
			isa = PBXGroup;
			children = (
				36000AB01F02600600F3484C /* cg.swift */,
				36000AB11F02600600F3484C /* line_search.swift */,
				3617FA021EDB225F0087C682 /* scg.swift */,
				3617FA041EDB226E0087C682 /* optimization.swift */,
				36816BC91EFD32500091DE53 /* trust_region.swift */,
			);
			name = optimisation;
			sourceTree = "<group>";
		};
/* End PBXGroup section */

/* Begin PBXHeadersBuildPhase section */
		367E890D1C963D2600C96392 /* Headers */ = {
			isa = PBXHeadersBuildPhase;
			buildActionMask = 2147483647;
			files = (
				367E89141C963D2600C96392 /* minimind.h in Headers */,
			);
			runOnlyForDeploymentPostprocessing = 0;
		};
		36B2CB0A1EE322C3001751D3 /* Headers */ = {
			isa = PBXHeadersBuildPhase;
			buildActionMask = 2147483647;
			files = (
				36B2CB1D1EE322C3001751D3 /* minimind mac.h in Headers */,
			);
			runOnlyForDeploymentPostprocessing = 0;
		};
/* End PBXHeadersBuildPhase section */

/* Begin PBXNativeTarget section */
		363DDC9A1EE4AF02003607B4 /* miniminds */ = {
			isa = PBXNativeTarget;
			buildConfigurationList = 363DDCB81EE4AF02003607B4 /* Build configuration list for PBXNativeTarget "miniminds" */;
			buildPhases = (
				363DDC971EE4AF02003607B4 /* Sources */,
				363DDC981EE4AF02003607B4 /* Frameworks */,
				363DDC991EE4AF02003607B4 /* Resources */,
			);
			buildRules = (
			);
			dependencies = (
			);
			name = miniminds;
			productName = miniminds;
			productReference = 363DDC9B1EE4AF02003607B4 /* miniminds.app */;
			productType = "com.apple.product-type.application";
		};
		363DDCB01EE4AF02003607B4 /* minimindsUITests */ = {
			isa = PBXNativeTarget;
			buildConfigurationList = 363DDCBB1EE4AF02003607B4 /* Build configuration list for PBXNativeTarget "minimindsUITests" */;
			buildPhases = (
				363DDCAD1EE4AF02003607B4 /* Sources */,
				363DDCAE1EE4AF02003607B4 /* Frameworks */,
				363DDCAF1EE4AF02003607B4 /* Resources */,
			);
			buildRules = (
			);
			dependencies = (
				363DDCB31EE4AF02003607B4 /* PBXTargetDependency */,
			);
			name = minimindsUITests;
			productName = minimindsUITests;
			productReference = 363DDCB11EE4AF02003607B4 /* minimindsUITests.xctest */;
			productType = "com.apple.product-type.bundle.ui-testing";
		};
		367E890F1C963D2600C96392 /* minimind */ = {
			isa = PBXNativeTarget;
			buildConfigurationList = 367E89241C963D2600C96392 /* Build configuration list for PBXNativeTarget "minimind" */;
			buildPhases = (
				367E890B1C963D2600C96392 /* Sources */,
				367E890C1C963D2600C96392 /* Frameworks */,
				367E890D1C963D2600C96392 /* Headers */,
				367E890E1C963D2600C96392 /* Resources */,
			);
			buildRules = (
			);
			dependencies = (
			);
			name = minimind;
			productName = minimind;
			productReference = 367E89101C963D2600C96392 /* minimind.framework */;
			productType = "com.apple.product-type.framework";
		};
		367E89191C963D2600C96392 /* minimindTests */ = {
			isa = PBXNativeTarget;
			buildConfigurationList = 367E89271C963D2600C96392 /* Build configuration list for PBXNativeTarget "minimindTests" */;
			buildPhases = (
				367E89161C963D2600C96392 /* Sources */,
				367E89171C963D2600C96392 /* Frameworks */,
				367E89181C963D2600C96392 /* Resources */,
			);
			buildRules = (
			);
			dependencies = (
				367E891D1C963D2600C96392 /* PBXTargetDependency */,
			);
			name = minimindTests;
			productName = minimindTests;
			productReference = 367E891A1C963D2600C96392 /* minimindTests.xctest */;
			productType = "com.apple.product-type.bundle.unit-test";
		};
		36B2CB0C1EE322C3001751D3 /* minimind mac */ = {
			isa = PBXNativeTarget;
			buildConfigurationList = 36B2CB1E1EE322C3001751D3 /* Build configuration list for PBXNativeTarget "minimind mac" */;
			buildPhases = (
				36B2CB081EE322C3001751D3 /* Sources */,
				36B2CB091EE322C3001751D3 /* Frameworks */,
				36B2CB0A1EE322C3001751D3 /* Headers */,
				36B2CB0B1EE322C3001751D3 /* Resources */,
			);
			buildRules = (
			);
			dependencies = (
			);
			name = "minimind mac";
			productName = "minimind mac";
			productReference = 36B2CB0D1EE322C3001751D3 /* minimind.framework */;
			productType = "com.apple.product-type.framework";
		};
		36B2CB141EE322C3001751D3 /* minimind macTests */ = {
			isa = PBXNativeTarget;
			buildConfigurationList = 36B2CB211EE322C3001751D3 /* Build configuration list for PBXNativeTarget "minimind macTests" */;
			buildPhases = (
				36B2CB111EE322C3001751D3 /* Sources */,
				36B2CB121EE322C3001751D3 /* Frameworks */,
				36B2CB131EE322C3001751D3 /* Resources */,
			);
			buildRules = (
			);
			dependencies = (
				36B2CB181EE322C3001751D3 /* PBXTargetDependency */,
			);
			name = "minimind macTests";
			productName = "minimind macTests";
			productReference = 36B2CB151EE322C3001751D3 /* minimind macTests.xctest */;
			productType = "com.apple.product-type.bundle.unit-test";
		};
		36B2CB4E1EE32A18001751D3 /* minimindx */ = {
			isa = PBXNativeTarget;
			buildConfigurationList = 36B2CB531EE32A18001751D3 /* Build configuration list for PBXNativeTarget "minimindx" */;
			buildPhases = (
				36B2CB4B1EE32A18001751D3 /* Sources */,
				36B2CB4C1EE32A18001751D3 /* Frameworks */,
				36B2CB4D1EE32A18001751D3 /* CopyFiles */,
			);
			buildRules = (
			);
			dependencies = (
			);
			name = minimindx;
			productName = minimindx;
			productReference = 36B2CB4F1EE32A18001751D3 /* minimindx */;
			productType = "com.apple.product-type.tool";
		};
/* End PBXNativeTarget section */

/* Begin PBXProject section */
		367E89071C963D2600C96392 /* Project object */ = {
			isa = PBXProject;
			attributes = {
				LastSwiftUpdateCheck = 0830;
				LastUpgradeCheck = 0830;
				ORGANIZATIONNAME = "Phan Quoc Huy";
				TargetAttributes = {
					363DDC9A1EE4AF02003607B4 = {
						CreatedOnToolsVersion = 8.3.2;
						ProvisioningStyle = Automatic;
					};
					363DDCB01EE4AF02003607B4 = {
						CreatedOnToolsVersion = 8.3.2;
						ProvisioningStyle = Automatic;
						TestTargetID = 363DDC9A1EE4AF02003607B4;
					};
					367E890F1C963D2600C96392 = {
						CreatedOnToolsVersion = 7.2.1;
						DevelopmentTeam = SVU6H5C475;
						LastSwiftMigration = 0810;
					};
					367E89191C963D2600C96392 = {
						CreatedOnToolsVersion = 7.2.1;
						DevelopmentTeam = SVU6H5C475;
						LastSwiftMigration = 0810;
					};
					36B2CB0C1EE322C3001751D3 = {
						CreatedOnToolsVersion = 8.3.2;
						ProvisioningStyle = Automatic;
					};
					36B2CB141EE322C3001751D3 = {
						CreatedOnToolsVersion = 8.3.2;
						ProvisioningStyle = Automatic;
					};
					36B2CB4E1EE32A18001751D3 = {
						CreatedOnToolsVersion = 8.3.2;
						ProvisioningStyle = Automatic;
					};
				};
			};
			buildConfigurationList = 367E890A1C963D2600C96392 /* Build configuration list for PBXProject "minimind" */;
			compatibilityVersion = "Xcode 3.2";
			developmentRegion = English;
			hasScannedForEncodings = 0;
			knownRegions = (
				en,
				Base,
			);
			mainGroup = 367E89061C963D2600C96392;
			productRefGroup = 367E89111C963D2600C96392 /* Products */;
			projectDirPath = "";
			projectRoot = "";
			targets = (
				367E890F1C963D2600C96392 /* minimind */,
				367E89191C963D2600C96392 /* minimindTests */,
				36B2CB0C1EE322C3001751D3 /* minimind mac */,
				36B2CB141EE322C3001751D3 /* minimind macTests */,
				36B2CB4E1EE32A18001751D3 /* minimindx */,
				363DDC9A1EE4AF02003607B4 /* miniminds */,
				363DDCB01EE4AF02003607B4 /* minimindsUITests */,
			);
		};
/* End PBXProject section */

/* Begin PBXResourcesBuildPhase section */
		363DDC991EE4AF02003607B4 /* Resources */ = {
			isa = PBXResourcesBuildPhase;
			buildActionMask = 2147483647;
			files = (
				363DDCAB1EE4AF02003607B4 /* LaunchScreen.storyboard in Resources */,
				363DDCA81EE4AF02003607B4 /* Assets.xcassets in Resources */,
				363DDCA31EE4AF02003607B4 /* Main.storyboard in Resources */,
			);
			runOnlyForDeploymentPostprocessing = 0;
		};
		363DDCAF1EE4AF02003607B4 /* Resources */ = {
			isa = PBXResourcesBuildPhase;
			buildActionMask = 2147483647;
			files = (
			);
			runOnlyForDeploymentPostprocessing = 0;
		};
		367E890E1C963D2600C96392 /* Resources */ = {
			isa = PBXResourcesBuildPhase;
			buildActionMask = 2147483647;
			files = (
			);
			runOnlyForDeploymentPostprocessing = 0;
		};
		367E89181C963D2600C96392 /* Resources */ = {
			isa = PBXResourcesBuildPhase;
			buildActionMask = 2147483647;
			files = (
			);
			runOnlyForDeploymentPostprocessing = 0;
		};
		36B2CB0B1EE322C3001751D3 /* Resources */ = {
			isa = PBXResourcesBuildPhase;
			buildActionMask = 2147483647;
			files = (
			);
			runOnlyForDeploymentPostprocessing = 0;
		};
		36B2CB131EE322C3001751D3 /* Resources */ = {
			isa = PBXResourcesBuildPhase;
			buildActionMask = 2147483647;
			files = (
			);
			runOnlyForDeploymentPostprocessing = 0;
		};
/* End PBXResourcesBuildPhase section */

/* Begin PBXSourcesBuildPhase section */
		363DDC971EE4AF02003607B4 /* Sources */ = {
			isa = PBXSourcesBuildPhase;
			buildActionMask = 2147483647;
			files = (
				363DDCCC1EE58024003607B4 /* Artist.swift in Sources */,
				363DDCA61EE4AF02003607B4 /* miniminds.xcdatamodeld in Sources */,
				363DDCC81EE56B54003607B4 /* GraphModel.swift in Sources */,
				3670FD9B1EEAA6B200AC07F2 /* Utils.swift in Sources */,
				363DDCA01EE4AF02003607B4 /* ViewController.swift in Sources */,
				363DDC9E1EE4AF02003607B4 /* AppDelegate.swift in Sources */,
				36ED05541EF9112000955522 /* ColorMap.swift in Sources */,
				363DDCBF1EE4AF47003607B4 /* GraphView.swift in Sources */,
			);
			runOnlyForDeploymentPostprocessing = 0;
		};
		363DDCAD1EE4AF02003607B4 /* Sources */ = {
			isa = PBXSourcesBuildPhase;
			buildActionMask = 2147483647;
			files = (
				363DDCB61EE4AF02003607B4 /* minimindsUITests.swift in Sources */,
				3689626E1EF3D448009134A3 /* decompositionUITests.swift in Sources */,
			);
			runOnlyForDeploymentPostprocessing = 0;
		};
		367E890B1C963D2600C96392 /* Sources */ = {
			isa = PBXSourcesBuildPhase;
			buildActionMask = 2147483647;
			files = (
				3617FA051EDB226E0087C682 /* optimization.swift in Sources */,
				36000AAF1F024FC200F3484C /* error_handling.swift in Sources */,
				3617FA071EDC23860087C682 /* matrix.swift in Sources */,
				3670FDA41EEBC8BB00AC07F2 /* exponential.swift in Sources */,
				3670FDAD1EEBD06400AC07F2 /* matrix_double_extension.swift in Sources */,
				368962291EEBE247009134A3 /* pca.swift in Sources */,
				3670FDA31EEBC8BB00AC07F2 /* auxiliary.swift in Sources */,
				36ED05561EF91DFE00955522 /* convolution.swift in Sources */,
				368962631EF10F0A009134A3 /* core.swift in Sources */,
				3670FDAF1EEBD07400AC07F2 /* matrix_bool_extension.swift in Sources */,
				3670FDA91EEBCD5400AC07F2 /* kernel.swift in Sources */,
				3670FDA61EEBC8BB00AC07F2 /* power.swift in Sources */,
				36DFA3EA1D3FC336005CBBC0 /* base_estimator.swift in Sources */,
				36000AB21F02600600F3484C /* cg.swift in Sources */,
				36E619891EE156FD00B12612 /* util.swift in Sources */,
				3617FA011EDB1FCC0087C682 /* pairwise.swift in Sources */,
				3617FA031EDB225F0087C682 /* scg.swift in Sources */,
				36C3CEFD1EDECCA600CE1E42 /* random.swift in Sources */,
				3689622C1EEC41AD009134A3 /* kmeans.swift in Sources */,
				36816BCA1EFD32500091DE53 /* trust_region.swift in Sources */,
				3670FDA51EEBC8BB00AC07F2 /* hyperbolic.swift in Sources */,
				36DFA3EC1D3FC570005CBBC0 /* gaussian_process.swift in Sources */,
				3670FDA21EEBC8BB00AC07F2 /* arithmetic.swift in Sources */,
				3617FA0B1EDD973C0087C682 /* array.swift in Sources */,
				36E368DA1EE295C80026F5DB /* distributions.swift in Sources */,
				36E619871EDF5FFA00B12612 /* rbf.swift in Sources */,
				3689623A1EEED815009134A3 /* array_int_extension.swift in Sources */,
				36000AB31F02600600F3484C /* line_search.swift in Sources */,
				3689623C1EEF2E15009134A3 /* array_double_extension.swift in Sources */,
				3670FDA71EEBC8BB00AC07F2 /* trigonometric.swift in Sources */,
				368962361EEEC2F1009134A3 /* matrix_int_extension.swift in Sources */,
				368962301EEEAA56009134A3 /* array_float_extension.swift in Sources */,
				3670FDAB1EEBD04600AC07F2 /* matrix_float_extension.swift in Sources */,
			);
			runOnlyForDeploymentPostprocessing = 0;
		};
		367E89161C963D2600C96392 /* Sources */ = {
			isa = PBXSourcesBuildPhase;
			buildActionMask = 2147483647;
			files = (
				368962341EEEC1A5009134A3 /* matrixTests.swift in Sources */,
				368962681EF2C153009134A3 /* metricsTests.swift in Sources */,
				368962661EF2C045009134A3 /* arrayTests.swift in Sources */,
				3689626C1EF3CE00009134A3 /* decompositionTests.swift in Sources */,
				36000AAD1F01152400F3484C /* gpTests.swift in Sources */,
				3689622E1EEE90C7009134A3 /* minimindTestArray.swift in Sources */,
				36ED05581EFA280E00955522 /* optimisationTests.swift in Sources */,
				367E89201C963D2600C96392 /* minimindTests.swift in Sources */,
				368962381EEED366009134A3 /* clusterTests.swift in Sources */,
			);
			runOnlyForDeploymentPostprocessing = 0;
		};
		36B2CB081EE322C3001751D3 /* Sources */ = {
			isa = PBXSourcesBuildPhase;
			buildActionMask = 2147483647;
			files = (
				3689623F1EEFDBFE009134A3 /* kmeans.swift in Sources */,
				36B2CB301EE323CA001751D3 /* gaussian_process.swift in Sources */,
				368962411EEFDC04009134A3 /* auxiliary.swift in Sources */,
				368962471EEFDC04009134A3 /* matrix_double_extension.swift in Sources */,
				36B2CB2C1EE323B0001751D3 /* distributions.swift in Sources */,
				36B2CB2A1EE323B0001751D3 /* array.swift in Sources */,
				368962641EF1101F009134A3 /* core.swift in Sources */,
				36161FAF1F0297B300F37A90 /* cg.swift in Sources */,
				36B2CB291EE323B0001751D3 /* matrix.swift in Sources */,
				368962431EEFDC04009134A3 /* hyperbolic.swift in Sources */,
				3689623D1EEFDBFA009134A3 /* array_double_extension.swift in Sources */,
				36B2CB2E1EE323BD001751D3 /* rbf.swift in Sources */,
				36B2CB261EE323B0001751D3 /* base_estimator.swift in Sources */,
				3689623E1EEFDBFC009134A3 /* pca.swift in Sources */,
				36B2CB2B1EE323B0001751D3 /* util.swift in Sources */,
				368962481EEFDC04009134A3 /* matrix_bool_extension.swift in Sources */,
				368962451EEFDC04009134A3 /* trigonometric.swift in Sources */,
				368962401EEFDC04009134A3 /* arithmetic.swift in Sources */,
				36161FB01F0297B800F37A90 /* trust_region.swift in Sources */,
				368962441EEFDC04009134A3 /* power.swift in Sources */,
				36B2CB271EE323B0001751D3 /* scg.swift in Sources */,
				36B2CB281EE323B0001751D3 /* optimization.swift in Sources */,
				36B2CB2F1EE323C3001751D3 /* pairwise.swift in Sources */,
				36161FAE1F0297B000F37A90 /* line_search.swift in Sources */,
				368962461EEFDC04009134A3 /* matrix_float_extension.swift in Sources */,
				3689624C1EEFDC0E009134A3 /* kernel.swift in Sources */,
				3689624B1EEFDC04009134A3 /* array_int_extension.swift in Sources */,
				36B2CB251EE323B0001751D3 /* random.swift in Sources */,
				3689624A1EEFDC04009134A3 /* matrix_int_extension.swift in Sources */,
				36161FB31F02982500F37A90 /* error_handling.swift in Sources */,
				368962491EEFDC04009134A3 /* array_float_extension.swift in Sources */,
				368962421EEFDC04009134A3 /* exponential.swift in Sources */,
			);
			runOnlyForDeploymentPostprocessing = 0;
		};
		36B2CB111EE322C3001751D3 /* Sources */ = {
			isa = PBXSourcesBuildPhase;
			buildActionMask = 2147483647;
			files = (
				36B2CB321EE323F2001751D3 /* minimindTests.swift in Sources */,
				36161FB11F0297D200F37A90 /* optimisationTests.swift in Sources */,
				36161FB21F0297D500F37A90 /* gpTests.swift in Sources */,
				36B2CB1B1EE322C3001751D3 /* minimind_macTests.swift in Sources */,
			);
			runOnlyForDeploymentPostprocessing = 0;
		};
		36B2CB4B1EE32A18001751D3 /* Sources */ = {
			isa = PBXSourcesBuildPhase;
			buildActionMask = 2147483647;
			files = (
				36B2CB521EE32A18001751D3 /* main.swift in Sources */,
			);
			runOnlyForDeploymentPostprocessing = 0;
		};
/* End PBXSourcesBuildPhase section */

/* Begin PBXTargetDependency section */
		363DDCB31EE4AF02003607B4 /* PBXTargetDependency */ = {
			isa = PBXTargetDependency;
			target = 363DDC9A1EE4AF02003607B4 /* miniminds */;
			targetProxy = 363DDCB21EE4AF02003607B4 /* PBXContainerItemProxy */;
		};
		367E891D1C963D2600C96392 /* PBXTargetDependency */ = {
			isa = PBXTargetDependency;
			target = 367E890F1C963D2600C96392 /* minimind */;
			targetProxy = 367E891C1C963D2600C96392 /* PBXContainerItemProxy */;
		};
		36B2CB181EE322C3001751D3 /* PBXTargetDependency */ = {
			isa = PBXTargetDependency;
			target = 36B2CB0C1EE322C3001751D3 /* minimind mac */;
			targetProxy = 36B2CB171EE322C3001751D3 /* PBXContainerItemProxy */;
		};
/* End PBXTargetDependency section */

/* Begin PBXVariantGroup section */
		363DDCA11EE4AF02003607B4 /* Main.storyboard */ = {
			isa = PBXVariantGroup;
			children = (
				363DDCA21EE4AF02003607B4 /* Base */,
			);
			name = Main.storyboard;
			sourceTree = "<group>";
		};
		363DDCA91EE4AF02003607B4 /* LaunchScreen.storyboard */ = {
			isa = PBXVariantGroup;
			children = (
				363DDCAA1EE4AF02003607B4 /* Base */,
			);
			name = LaunchScreen.storyboard;
			sourceTree = "<group>";
		};
/* End PBXVariantGroup section */

/* Begin XCBuildConfiguration section */
		363DDCB91EE4AF02003607B4 /* Debug */ = {
			isa = XCBuildConfiguration;
			buildSettings = {
				ASSETCATALOG_COMPILER_APPICON_NAME = AppIcon;
				CLANG_ANALYZER_NONNULL = YES;
				CLANG_ANALYZER_NUMBER_OBJECT_CONVERSION = YES_AGGRESSIVE;
				CLANG_WARN_DOCUMENTATION_COMMENTS = YES;
				INFOPLIST_FILE = miniminds/Info.plist;
				IPHONEOS_DEPLOYMENT_TARGET = 10.3;
				LD_RUNPATH_SEARCH_PATHS = "$(inherited) @executable_path/Frameworks";
				PRODUCT_BUNDLE_IDENTIFIER = me.phanquochuy.miniminds;
				PRODUCT_NAME = "$(TARGET_NAME)";
				SWIFT_ACTIVE_COMPILATION_CONDITIONS = DEBUG;
				SWIFT_VERSION = 3.0;
			};
			name = Debug;
		};
		363DDCBA1EE4AF02003607B4 /* Release */ = {
			isa = XCBuildConfiguration;
			buildSettings = {
				ASSETCATALOG_COMPILER_APPICON_NAME = AppIcon;
				CLANG_ANALYZER_NONNULL = YES;
				CLANG_ANALYZER_NUMBER_OBJECT_CONVERSION = YES_AGGRESSIVE;
				CLANG_WARN_DOCUMENTATION_COMMENTS = YES;
				INFOPLIST_FILE = miniminds/Info.plist;
				IPHONEOS_DEPLOYMENT_TARGET = 10.3;
				LD_RUNPATH_SEARCH_PATHS = "$(inherited) @executable_path/Frameworks";
				PRODUCT_BUNDLE_IDENTIFIER = me.phanquochuy.miniminds;
				PRODUCT_NAME = "$(TARGET_NAME)";
				SWIFT_VERSION = 3.0;
			};
			name = Release;
		};
		363DDCBC1EE4AF02003607B4 /* Debug */ = {
			isa = XCBuildConfiguration;
			buildSettings = {
				ALWAYS_EMBED_SWIFT_STANDARD_LIBRARIES = YES;
				CLANG_ANALYZER_NONNULL = YES;
				CLANG_ANALYZER_NUMBER_OBJECT_CONVERSION = YES_AGGRESSIVE;
				CLANG_WARN_DOCUMENTATION_COMMENTS = YES;
				INFOPLIST_FILE = minimindsUITests/Info.plist;
				IPHONEOS_DEPLOYMENT_TARGET = 10.3;
				LD_RUNPATH_SEARCH_PATHS = "$(inherited) @executable_path/Frameworks @loader_path/Frameworks";
				PRODUCT_BUNDLE_IDENTIFIER = me.phanquochuy.minimindsUITests;
				PRODUCT_NAME = "$(TARGET_NAME)";
				SWIFT_ACTIVE_COMPILATION_CONDITIONS = DEBUG;
				SWIFT_VERSION = 3.0;
				TEST_TARGET_NAME = miniminds;
			};
			name = Debug;
		};
		363DDCBD1EE4AF02003607B4 /* Release */ = {
			isa = XCBuildConfiguration;
			buildSettings = {
				ALWAYS_EMBED_SWIFT_STANDARD_LIBRARIES = YES;
				CLANG_ANALYZER_NONNULL = YES;
				CLANG_ANALYZER_NUMBER_OBJECT_CONVERSION = YES_AGGRESSIVE;
				CLANG_WARN_DOCUMENTATION_COMMENTS = YES;
				INFOPLIST_FILE = minimindsUITests/Info.plist;
				IPHONEOS_DEPLOYMENT_TARGET = 10.3;
				LD_RUNPATH_SEARCH_PATHS = "$(inherited) @executable_path/Frameworks @loader_path/Frameworks";
				PRODUCT_BUNDLE_IDENTIFIER = me.phanquochuy.minimindsUITests;
				PRODUCT_NAME = "$(TARGET_NAME)";
				SWIFT_VERSION = 3.0;
				TEST_TARGET_NAME = miniminds;
			};
			name = Release;
		};
		367E89221C963D2600C96392 /* Debug */ = {
			isa = XCBuildConfiguration;
			buildSettings = {
				ALWAYS_SEARCH_USER_PATHS = NO;
				CLANG_CXX_LANGUAGE_STANDARD = "gnu++0x";
				CLANG_CXX_LIBRARY = "libc++";
				CLANG_ENABLE_MODULES = YES;
				CLANG_ENABLE_OBJC_ARC = YES;
				CLANG_WARN_BOOL_CONVERSION = YES;
				CLANG_WARN_CONSTANT_CONVERSION = YES;
				CLANG_WARN_DIRECT_OBJC_ISA_USAGE = YES_ERROR;
				CLANG_WARN_EMPTY_BODY = YES;
				CLANG_WARN_ENUM_CONVERSION = YES;
				CLANG_WARN_INFINITE_RECURSION = YES;
				CLANG_WARN_INT_CONVERSION = YES;
				CLANG_WARN_OBJC_ROOT_CLASS = YES_ERROR;
				CLANG_WARN_SUSPICIOUS_MOVE = YES;
				CLANG_WARN_UNREACHABLE_CODE = YES;
				CLANG_WARN__DUPLICATE_METHOD_MATCH = YES;
				"CODE_SIGN_IDENTITY[sdk=iphoneos*]" = "iPhone Developer";
				COPY_PHASE_STRIP = NO;
				CURRENT_PROJECT_VERSION = 1;
				DEBUG_INFORMATION_FORMAT = dwarf;
				ENABLE_STRICT_OBJC_MSGSEND = YES;
				ENABLE_TESTABILITY = YES;
				GCC_C_LANGUAGE_STANDARD = gnu99;
				GCC_DYNAMIC_NO_PIC = NO;
				GCC_NO_COMMON_BLOCKS = YES;
				GCC_OPTIMIZATION_LEVEL = 0;
				GCC_PREPROCESSOR_DEFINITIONS = (
					"DEBUG=1",
					"$(inherited)",
				);
				GCC_WARN_64_TO_32_BIT_CONVERSION = YES;
				GCC_WARN_ABOUT_RETURN_TYPE = YES_ERROR;
				GCC_WARN_UNDECLARED_SELECTOR = YES;
				GCC_WARN_UNINITIALIZED_AUTOS = YES_AGGRESSIVE;
				GCC_WARN_UNUSED_FUNCTION = YES;
				GCC_WARN_UNUSED_VARIABLE = YES;
				IPHONEOS_DEPLOYMENT_TARGET = 9.2;
				MTL_ENABLE_DEBUG_INFO = YES;
				ONLY_ACTIVE_ARCH = YES;
				SDKROOT = iphoneos;
				SWIFT_OPTIMIZATION_LEVEL = "-Onone";
				TARGETED_DEVICE_FAMILY = "1,2";
				VERSIONING_SYSTEM = "apple-generic";
				VERSION_INFO_PREFIX = "";
			};
			name = Debug;
		};
		367E89231C963D2600C96392 /* Release */ = {
			isa = XCBuildConfiguration;
			buildSettings = {
				ALWAYS_SEARCH_USER_PATHS = NO;
				CLANG_CXX_LANGUAGE_STANDARD = "gnu++0x";
				CLANG_CXX_LIBRARY = "libc++";
				CLANG_ENABLE_MODULES = YES;
				CLANG_ENABLE_OBJC_ARC = YES;
				CLANG_WARN_BOOL_CONVERSION = YES;
				CLANG_WARN_CONSTANT_CONVERSION = YES;
				CLANG_WARN_DIRECT_OBJC_ISA_USAGE = YES_ERROR;
				CLANG_WARN_EMPTY_BODY = YES;
				CLANG_WARN_ENUM_CONVERSION = YES;
				CLANG_WARN_INFINITE_RECURSION = YES;
				CLANG_WARN_INT_CONVERSION = YES;
				CLANG_WARN_OBJC_ROOT_CLASS = YES_ERROR;
				CLANG_WARN_SUSPICIOUS_MOVE = YES;
				CLANG_WARN_UNREACHABLE_CODE = YES;
				CLANG_WARN__DUPLICATE_METHOD_MATCH = YES;
				"CODE_SIGN_IDENTITY[sdk=iphoneos*]" = "iPhone Developer";
				COPY_PHASE_STRIP = NO;
				CURRENT_PROJECT_VERSION = 1;
				DEBUG_INFORMATION_FORMAT = "dwarf-with-dsym";
				ENABLE_NS_ASSERTIONS = NO;
				ENABLE_STRICT_OBJC_MSGSEND = YES;
				GCC_C_LANGUAGE_STANDARD = gnu99;
				GCC_NO_COMMON_BLOCKS = YES;
				GCC_WARN_64_TO_32_BIT_CONVERSION = YES;
				GCC_WARN_ABOUT_RETURN_TYPE = YES_ERROR;
				GCC_WARN_UNDECLARED_SELECTOR = YES;
				GCC_WARN_UNINITIALIZED_AUTOS = YES_AGGRESSIVE;
				GCC_WARN_UNUSED_FUNCTION = YES;
				GCC_WARN_UNUSED_VARIABLE = YES;
				IPHONEOS_DEPLOYMENT_TARGET = 9.2;
				MTL_ENABLE_DEBUG_INFO = NO;
				SDKROOT = iphoneos;
				SWIFT_OPTIMIZATION_LEVEL = "-Owholemodule";
				TARGETED_DEVICE_FAMILY = "1,2";
				VALIDATE_PRODUCT = YES;
				VERSIONING_SYSTEM = "apple-generic";
				VERSION_INFO_PREFIX = "";
			};
			name = Release;
		};
		367E89251C963D2600C96392 /* Debug */ = {
			isa = XCBuildConfiguration;
			buildSettings = {
				CLANG_ENABLE_MODULES = YES;
				"CODE_SIGN_IDENTITY[sdk=iphoneos*]" = "";
				DEFINES_MODULE = YES;
				DYLIB_COMPATIBILITY_VERSION = 1;
				DYLIB_CURRENT_VERSION = 1;
				DYLIB_INSTALL_NAME_BASE = "@rpath";
				INFOPLIST_FILE = minimind/Info.plist;
				INSTALL_PATH = "$(LOCAL_LIBRARY_DIR)/Frameworks";
				LD_RUNPATH_SEARCH_PATHS = "$(inherited) @executable_path/Frameworks @loader_path/Frameworks";
				PRODUCT_BUNDLE_IDENTIFIER = me.phanquochuy.minimind;
				PRODUCT_NAME = "$(TARGET_NAME)";
				SKIP_INSTALL = YES;
				SWIFT_OPTIMIZATION_LEVEL = "-Onone";
				SWIFT_VERSION = 3.0;
			};
			name = Debug;
		};
		367E89261C963D2600C96392 /* Release */ = {
			isa = XCBuildConfiguration;
			buildSettings = {
				CLANG_ENABLE_MODULES = YES;
				"CODE_SIGN_IDENTITY[sdk=iphoneos*]" = "";
				DEFINES_MODULE = YES;
				DYLIB_COMPATIBILITY_VERSION = 1;
				DYLIB_CURRENT_VERSION = 1;
				DYLIB_INSTALL_NAME_BASE = "@rpath";
				INFOPLIST_FILE = minimind/Info.plist;
				INSTALL_PATH = "$(LOCAL_LIBRARY_DIR)/Frameworks";
				LD_RUNPATH_SEARCH_PATHS = "$(inherited) @executable_path/Frameworks @loader_path/Frameworks";
				PRODUCT_BUNDLE_IDENTIFIER = me.phanquochuy.minimind;
				PRODUCT_NAME = "$(TARGET_NAME)";
				SKIP_INSTALL = YES;
				SWIFT_VERSION = 3.0;
			};
			name = Release;
		};
		367E89281C963D2600C96392 /* Debug */ = {
			isa = XCBuildConfiguration;
			buildSettings = {
				INFOPLIST_FILE = minimindTests/Info.plist;
				LD_RUNPATH_SEARCH_PATHS = "$(inherited) @executable_path/Frameworks @loader_path/Frameworks";
				PRODUCT_BUNDLE_IDENTIFIER = me.phanquochuy.minimindTests;
				PRODUCT_NAME = "$(TARGET_NAME)";
				SWIFT_VERSION = 3.0;
			};
			name = Debug;
		};
		367E89291C963D2600C96392 /* Release */ = {
			isa = XCBuildConfiguration;
			buildSettings = {
				INFOPLIST_FILE = minimindTests/Info.plist;
				LD_RUNPATH_SEARCH_PATHS = "$(inherited) @executable_path/Frameworks @loader_path/Frameworks";
				PRODUCT_BUNDLE_IDENTIFIER = me.phanquochuy.minimindTests;
				PRODUCT_NAME = "$(TARGET_NAME)";
				SWIFT_VERSION = 3.0;
			};
			name = Release;
		};
		36B2CB1F1EE322C3001751D3 /* Debug */ = {
			isa = XCBuildConfiguration;
			buildSettings = {
				CLANG_ANALYZER_NONNULL = YES;
				CLANG_ANALYZER_NUMBER_OBJECT_CONVERSION = YES_AGGRESSIVE;
				CLANG_WARN_DOCUMENTATION_COMMENTS = YES;
				CODE_SIGN_IDENTITY = "-";
				COMBINE_HIDPI_IMAGES = YES;
				DEFINES_MODULE = YES;
				DYLIB_COMPATIBILITY_VERSION = 1;
				DYLIB_CURRENT_VERSION = 1;
				DYLIB_INSTALL_NAME_BASE = "@rpath";
				FRAMEWORK_VERSION = A;
				INFOPLIST_FILE = "minimind mac/Info.plist";
				INSTALL_PATH = "$(LOCAL_LIBRARY_DIR)/Frameworks";
				LD_RUNPATH_SEARCH_PATHS = "$(inherited) @executable_path/../Frameworks @loader_path/Frameworks";
				MACOSX_DEPLOYMENT_TARGET = 10.12;
				PRODUCT_BUNDLE_IDENTIFIER = "me.phanquochuy.minimind-mac";
				PRODUCT_NAME = minimind;
				SDKROOT = macosx;
				SKIP_INSTALL = YES;
				SWIFT_ACTIVE_COMPILATION_CONDITIONS = DEBUG;
				SWIFT_VERSION = 3.0;
			};
			name = Debug;
		};
		36B2CB201EE322C3001751D3 /* Release */ = {
			isa = XCBuildConfiguration;
			buildSettings = {
				CLANG_ANALYZER_NONNULL = YES;
				CLANG_ANALYZER_NUMBER_OBJECT_CONVERSION = YES_AGGRESSIVE;
				CLANG_WARN_DOCUMENTATION_COMMENTS = YES;
				CODE_SIGN_IDENTITY = "-";
				COMBINE_HIDPI_IMAGES = YES;
				DEFINES_MODULE = YES;
				DYLIB_COMPATIBILITY_VERSION = 1;
				DYLIB_CURRENT_VERSION = 1;
				DYLIB_INSTALL_NAME_BASE = "@rpath";
				FRAMEWORK_VERSION = A;
				INFOPLIST_FILE = "minimind mac/Info.plist";
				INSTALL_PATH = "$(LOCAL_LIBRARY_DIR)/Frameworks";
				LD_RUNPATH_SEARCH_PATHS = "$(inherited) @executable_path/../Frameworks @loader_path/Frameworks";
				MACOSX_DEPLOYMENT_TARGET = 10.12;
				PRODUCT_BUNDLE_IDENTIFIER = "me.phanquochuy.minimind-mac";
				PRODUCT_NAME = minimind;
				SDKROOT = macosx;
				SKIP_INSTALL = YES;
				SWIFT_VERSION = 3.0;
			};
			name = Release;
		};
		36B2CB221EE322C3001751D3 /* Debug */ = {
			isa = XCBuildConfiguration;
			buildSettings = {
				ALWAYS_EMBED_SWIFT_STANDARD_LIBRARIES = YES;
				CLANG_ANALYZER_NONNULL = YES;
				CLANG_ANALYZER_NUMBER_OBJECT_CONVERSION = YES_AGGRESSIVE;
				CLANG_WARN_DOCUMENTATION_COMMENTS = YES;
				CODE_SIGN_IDENTITY = "-";
				COMBINE_HIDPI_IMAGES = YES;
				INFOPLIST_FILE = "minimind macTests/Info.plist";
				LD_RUNPATH_SEARCH_PATHS = "$(inherited) @executable_path/../Frameworks @loader_path/../Frameworks";
				MACOSX_DEPLOYMENT_TARGET = 10.12;
				PRODUCT_BUNDLE_IDENTIFIER = "me.phanquochuy.minimind-macTests";
				PRODUCT_NAME = "$(TARGET_NAME)";
				SDKROOT = macosx;
				SWIFT_ACTIVE_COMPILATION_CONDITIONS = DEBUG;
				SWIFT_VERSION = 3.0;
			};
			name = Debug;
		};
		36B2CB231EE322C3001751D3 /* Release */ = {
			isa = XCBuildConfiguration;
			buildSettings = {
				ALWAYS_EMBED_SWIFT_STANDARD_LIBRARIES = YES;
				CLANG_ANALYZER_NONNULL = YES;
				CLANG_ANALYZER_NUMBER_OBJECT_CONVERSION = YES_AGGRESSIVE;
				CLANG_WARN_DOCUMENTATION_COMMENTS = YES;
				CODE_SIGN_IDENTITY = "-";
				COMBINE_HIDPI_IMAGES = YES;
				INFOPLIST_FILE = "minimind macTests/Info.plist";
				LD_RUNPATH_SEARCH_PATHS = "$(inherited) @executable_path/../Frameworks @loader_path/../Frameworks";
				MACOSX_DEPLOYMENT_TARGET = 10.12;
				PRODUCT_BUNDLE_IDENTIFIER = "me.phanquochuy.minimind-macTests";
				PRODUCT_NAME = "$(TARGET_NAME)";
				SDKROOT = macosx;
				SWIFT_VERSION = 3.0;
			};
			name = Release;
		};
		36B2CB541EE32A18001751D3 /* Debug */ = {
			isa = XCBuildConfiguration;
			buildSettings = {
				CLANG_ANALYZER_NONNULL = YES;
				CLANG_ANALYZER_NUMBER_OBJECT_CONVERSION = YES_AGGRESSIVE;
				CLANG_WARN_DOCUMENTATION_COMMENTS = YES;
				CODE_SIGN_IDENTITY = "-";
				MACOSX_DEPLOYMENT_TARGET = 10.12;
				PRODUCT_NAME = "$(TARGET_NAME)";
				SWIFT_VERSION = 3.0;
			};
			name = Debug;
		};
		36B2CB551EE32A18001751D3 /* Release */ = {
			isa = XCBuildConfiguration;
			buildSettings = {
				CLANG_ANALYZER_NONNULL = YES;
				CLANG_ANALYZER_NUMBER_OBJECT_CONVERSION = YES_AGGRESSIVE;
				CLANG_WARN_DOCUMENTATION_COMMENTS = YES;
				CODE_SIGN_IDENTITY = "-";
				MACOSX_DEPLOYMENT_TARGET = 10.12;
				PRODUCT_NAME = "$(TARGET_NAME)";
				SWIFT_VERSION = 3.0;
			};
			name = Release;
		};
/* End XCBuildConfiguration section */

/* Begin XCConfigurationList section */
		363DDCB81EE4AF02003607B4 /* Build configuration list for PBXNativeTarget "miniminds" */ = {
			isa = XCConfigurationList;
			buildConfigurations = (
				363DDCB91EE4AF02003607B4 /* Debug */,
				363DDCBA1EE4AF02003607B4 /* Release */,
			);
			defaultConfigurationIsVisible = 0;
			defaultConfigurationName = Release;
		};
		363DDCBB1EE4AF02003607B4 /* Build configuration list for PBXNativeTarget "minimindsUITests" */ = {
			isa = XCConfigurationList;
			buildConfigurations = (
				363DDCBC1EE4AF02003607B4 /* Debug */,
				363DDCBD1EE4AF02003607B4 /* Release */,
			);
			defaultConfigurationIsVisible = 0;
			defaultConfigurationName = Release;
		};
		367E890A1C963D2600C96392 /* Build configuration list for PBXProject "minimind" */ = {
			isa = XCConfigurationList;
			buildConfigurations = (
				367E89221C963D2600C96392 /* Debug */,
				367E89231C963D2600C96392 /* Release */,
			);
			defaultConfigurationIsVisible = 0;
			defaultConfigurationName = Release;
		};
		367E89241C963D2600C96392 /* Build configuration list for PBXNativeTarget "minimind" */ = {
			isa = XCConfigurationList;
			buildConfigurations = (
				367E89251C963D2600C96392 /* Debug */,
				367E89261C963D2600C96392 /* Release */,
			);
			defaultConfigurationIsVisible = 0;
			defaultConfigurationName = Release;
		};
		367E89271C963D2600C96392 /* Build configuration list for PBXNativeTarget "minimindTests" */ = {
			isa = XCConfigurationList;
			buildConfigurations = (
				367E89281C963D2600C96392 /* Debug */,
				367E89291C963D2600C96392 /* Release */,
			);
			defaultConfigurationIsVisible = 0;
			defaultConfigurationName = Release;
		};
		36B2CB1E1EE322C3001751D3 /* Build configuration list for PBXNativeTarget "minimind mac" */ = {
			isa = XCConfigurationList;
			buildConfigurations = (
				36B2CB1F1EE322C3001751D3 /* Debug */,
				36B2CB201EE322C3001751D3 /* Release */,
			);
			defaultConfigurationIsVisible = 0;
			defaultConfigurationName = Release;
		};
		36B2CB211EE322C3001751D3 /* Build configuration list for PBXNativeTarget "minimind macTests" */ = {
			isa = XCConfigurationList;
			buildConfigurations = (
				36B2CB221EE322C3001751D3 /* Debug */,
				36B2CB231EE322C3001751D3 /* Release */,
			);
			defaultConfigurationIsVisible = 0;
			defaultConfigurationName = Release;
		};
		36B2CB531EE32A18001751D3 /* Build configuration list for PBXNativeTarget "minimindx" */ = {
			isa = XCConfigurationList;
			buildConfigurations = (
				36B2CB541EE32A18001751D3 /* Debug */,
				36B2CB551EE32A18001751D3 /* Release */,
			);
			defaultConfigurationIsVisible = 0;
			defaultConfigurationName = Release;
		};
/* End XCConfigurationList section */

/* Begin XCVersionGroup section */
		363DDCA41EE4AF02003607B4 /* miniminds.xcdatamodeld */ = {
			isa = XCVersionGroup;
			children = (
				363DDCA51EE4AF02003607B4 /* miniminds.xcdatamodel */,
			);
			currentVersion = 363DDCA51EE4AF02003607B4 /* miniminds.xcdatamodel */;
			path = miniminds.xcdatamodeld;
			sourceTree = "<group>";
			versionGroupType = wrapper.xcdatamodel;
		};
/* End XCVersionGroup section */
	};
	rootObject = 367E89071C963D2600C96392 /* Project object */;
}
